{
  "lockfileVersion": 2,
  "configVersion": 1,
  "workspaces": {
    "": {
      "name": "@adea-ai/desktop-shell",
      "devDependencies": {
        "electrobun": "2.0.1",
      },
    },
  },
  "packages": {
    "electrobun": ["electrobun@2.0.1", "", { "bin": { "electrobun": "bin/electrobun.cjs" } }, "sha512-1+OjJ0tMemjVrUEsh/AhmxnqUNpyCfJslCbcWOvkogFJuNVMmTlWMzyZem/Ts/7lg8f7ULWu8uuQBsKeGQsu7A=="],
  }
}
